
Microsoft Visual Studio Solution File, Format Version 12.00
# Visual Studio Version 16
VisualStudioVersion = 16.0.30204.135
MinimumVisualStudioVersion = 10.0.40219.1
Project("{9A19103F-16F7-4668-BE54-9A1E7A4F7556}") = "NewLife.RocketMQ", "NewLife.RocketMQ\NewLife.RocketMQ.csproj", "{146B7192-0194-4924-8371-75EC83B05185}"
EndProject
Project("{9A19103F-16F7-4668-BE54-9A1E7A4F7556}") = "Test", "Test\Test.csproj", "{8D0806BE-ED0A-4D11-847C-38A366A33474}"
EndProject
Project("{9A19103F-16F7-4668-BE54-9A1E7A4F7556}") = "XUnitTestRocketMQ", "XUnitTestRocketMQ\XUnitTestRocketMQ.csproj", "{670E6004-4A15-4C91-AC70-FED96843B793}"
EndProject
Project("{2150E333-8FDC-42A3-9474-1A3956D46DE8}") = "Solution Items", "Solution Items", "{AF932CB1-8F4D-4317-8028-62F2CACEA9BD}"
	ProjectSection(SolutionItems) = preProject
		.editorconfig = .editorconfig
	EndProjectSection
EndProject
Global
	GlobalSection(SolutionConfigurationPlatforms) = preSolution
		Debug|Any CPU = Debug|Any CPU
		Release|Any CPU = Release|Any CPU
	EndGlobalSection
	GlobalSection(ProjectConfigurationPlatforms) = postSolution
		{146B7192-0194-4924-8371-75EC83B05185}.Debug|Any CPU.ActiveCfg = Debug|Any CPU
		{146B7192-0194-4924-8371-75EC83B05185}.Debug|Any CPU.Build.0 = Debug|Any CPU
		{146B7192-0194-4924-8371-75EC83B05185}.Release|Any CPU.ActiveCfg = Release|Any CPU
		{146B7192-0194-4924-8371-75EC83B05185}.Release|Any CPU.Build.0 = Release|Any CPU
		{8D0806BE-ED0A-4D11-847C-38A366A33474}.Debug|Any CPU.ActiveCfg = Debug|Any CPU
		{8D0806BE-ED0A-4D11-847C-38A366A33474}.Debug|Any CPU.Build.0 = Debug|Any CPU
		{8D0806BE-ED0A-4D11-847C-38A366A33474}.Release|Any CPU.ActiveCfg = Release|Any CPU
		{8D0806BE-ED0A-4D11-847C-38A366A33474}.Release|Any CPU.Build.0 = Release|Any CPU
		{670E6004-4A15-4C91-AC70-FED96843B793}.Debug|Any CPU.ActiveCfg = Debug|Any CPU
		{670E6004-4A15-4C91-AC70-FED96843B793}.Debug|Any CPU.Build.0 = Debug|Any CPU
		{670E6004-4A15-4C91-AC70-FED96843B793}.Release|Any CPU.ActiveCfg = Release|Any CPU
		{670E6004-4A15-4C91-AC70-FED96843B793}.Release|Any CPU.Build.0 = Release|Any CPU
	EndGlobalSection
	GlobalSection(SolutionProperties) = preSolution
		HideSolutionNode = FALSE
	EndGlobalSection
	GlobalSection(ExtensibilityGlobals) = postSolution
		SolutionGuid = {9B014964-38CE-4F1B-9D25-0500977CC49B}
	EndGlobalSection
EndGlobal
